// !$*UTF8*$!
{
	archiveVersion = 1;
	classes = {
	};
	objectVersion = 50;
	objects = {

/* Begin PBXBuildFile section */
		492BB6639E772D802DD26830 /* libPods-FigurePoint-FigurePointUITests.a in Frameworks */ = {isa = PBXBuildFile; fileRef = EEE2C833BF0C7097A20587F3 /* libPods-FigurePoint-FigurePointUITests.a */; };
		ED973B9F24863833005B3450 /* AppDelegate.m in Sources */ = {isa = PBXBuildFile; fileRef = ED973B9E24863833005B3450 /* AppDelegate.m */; };
		ED973BAA24863835005B3450 /* Assets.xcassets in Resources */ = {isa = PBXBuildFile; fileRef = ED973BA924863835005B3450 /* Assets.xcassets */; };
		ED973BB024863835005B3450 /* main.m in Sources */ = {isa = PBXBuildFile; fileRef = ED973BAF24863835005B3450 /* main.m */; };
		ED973BBA24863836005B3450 /* FigurePointUITests.m in Sources */ = {isa = PBXBuildFile; fileRef = ED973BB924863836005B3450 /* FigurePointUITests.m */; };
		ED973BC624863891005B3450 /* RootViewController.m in Sources */ = {isa = PBXBuildFile; fileRef = ED973BC524863891005B3450 /* RootViewController.m */; };
		ED973BC824863A03005B3450 /* Default-568h@2x.png in Resources */ = {isa = PBXBuildFile; fileRef = ED973BC724863A03005B3450 /* Default-568h@2x.png */; };
		ED973BCB24863A63005B3450 /* FigurePoint2ViewController.m in Sources */ = {isa = PBXBuildFile; fileRef = ED973BCA24863A63005B3450 /* FigurePoint2ViewController.m */; };
		ED973BCE24863C03005B3450 /* HTTPTool.m in Sources */ = {isa = PBXBuildFile; fileRef = ED973BCC24863C02005B3450 /* HTTPTool.m */; };
		ED973BD324863C4C005B3450 /* kline.json in Resources */ = {isa = PBXBuildFile; fileRef = ED973BD024863C4C005B3450 /* kline.json */; };
		ED973BD424863C4C005B3450 /* depth.json in Resources */ = {isa = PBXBuildFile; fileRef = ED973BD124863C4C005B3450 /* depth.json */; };
		ED973BD524863C4C005B3450 /* kmon.json in Resources */ = {isa = PBXBuildFile; fileRef = ED973BD224863C4C005B3450 /* kmon.json */; };
		ED973BD824863CC3005B3450 /* KLineModel.m in Sources */ = {isa = PBXBuildFile; fileRef = ED973BD724863CC3005B3450 /* KLineModel.m */; };
		ED973BDB24864140005B3450 /* PointFigureView.m in Sources */ = {isa = PBXBuildFile; fileRef = ED973BDA24864140005B3450 /* PointFigureView.m */; };
		ED973BDE2486419B005B3450 /* PointFigureDataProcesser.m in Sources */ = {isa = PBXBuildFile; fileRef = ED973BDD2486419B005B3450 /* PointFigureDataProcesser.m */; };
		F4B4E07720DFE90649E28EC7 /* libPods-FigurePoint.a in Frameworks */ = {isa = PBXBuildFile; fileRef = 10A966D6EF8290FA62F1D66F /* libPods-FigurePoint.a */; };
/* End PBXBuildFile section */

/* Begin PBXContainerItemProxy section */
		ED973BB624863836005B3450 /* PBXContainerItemProxy */ = {
			isa = PBXContainerItemProxy;
			containerPortal = ED973B9224863833005B3450 /* Project object */;
			proxyType = 1;
			remoteGlobalIDString = ED973B9924863833005B3450;
			remoteInfo = FigurePoint;
		};
/* End PBXContainerItemProxy section */

/* Begin PBXFileReference section */
		10A966D6EF8290FA62F1D66F /* libPods-FigurePoint.a */ = {isa = PBXFileReference; explicitFileType = archive.ar; includeInIndex = 0; path = "libPods-FigurePoint.a"; sourceTree = BUILT_PRODUCTS_DIR; };
		62964E9DD980CBA620EF89E8 /* Pods-FigurePoint.release.xcconfig */ = {isa = PBXFileReference; includeInIndex = 1; lastKnownFileType = text.xcconfig; name = "Pods-FigurePoint.release.xcconfig"; path = "Target Support Files/Pods-FigurePoint/Pods-FigurePoint.release.xcconfig"; sourceTree = "<group>"; };
		7A507036D8045C70735F5A95 /* Pods-FigurePoint-FigurePointUITests.debug.xcconfig */ = {isa = PBXFileReference; includeInIndex = 1; lastKnownFileType = text.xcconfig; name = "Pods-FigurePoint-FigurePointUITests.debug.xcconfig"; path = "Target Support Files/Pods-FigurePoint-FigurePointUITests/Pods-FigurePoint-FigurePointUITests.debug.xcconfig"; sourceTree = "<group>"; };
		B1FFA6547DDEC923F0AFF175 /* Pods-FigurePoint.debug.xcconfig */ = {isa = PBXFileReference; includeInIndex = 1; lastKnownFileType = text.xcconfig; name = "Pods-FigurePoint.debug.xcconfig"; path = "Target Support Files/Pods-FigurePoint/Pods-FigurePoint.debug.xcconfig"; sourceTree = "<group>"; };
		BCC8AFD7536C81D378F45CC2 /* Pods-FigurePoint-FigurePointUITests.release.xcconfig */ = {isa = PBXFileReference; includeInIndex = 1; lastKnownFileType = text.xcconfig; name = "Pods-FigurePoint-FigurePointUITests.release.xcconfig"; path = "Target Support Files/Pods-FigurePoint-FigurePointUITests/Pods-FigurePoint-FigurePointUITests.release.xcconfig"; sourceTree = "<group>"; };
		ED973B9A24863833005B3450 /* FigurePoint.app */ = {isa = PBXFileReference; explicitFileType = wrapper.application; includeInIndex = 0; path = FigurePoint.app; sourceTree = BUILT_PRODUCTS_DIR; };
		ED973B9D24863833005B3450 /* AppDelegate.h */ = {isa = PBXFileReference; lastKnownFileType = sourcecode.c.h; path = AppDelegate.h; sourceTree = "<group>"; };
		ED973B9E24863833005B3450 /* AppDelegate.m */ = {isa = PBXFileReference; lastKnownFileType = sourcecode.c.objc; path = AppDelegate.m; sourceTree = "<group>"; };
		ED973BA924863835005B3450 /* Assets.xcassets */ = {isa = PBXFileReference; lastKnownFileType = folder.assetcatalog; path = Assets.xcassets; sourceTree = "<group>"; };
		ED973BAE24863835005B3450 /* Info.plist */ = {isa = PBXFileReference; lastKnownFileType = text.plist.xml; path = Info.plist; sourceTree = "<group>"; };
		ED973BAF24863835005B3450 /* main.m */ = {isa = PBXFileReference; lastKnownFileType = sourcecode.c.objc; path = main.m; sourceTree = "<group>"; };
		ED973BB524863836005B3450 /* FigurePointUITests.xctest */ = {isa = PBXFileReference; explicitFileType = wrapper.cfbundle; includeInIndex = 0; path = FigurePointUITests.xctest; sourceTree = BUILT_PRODUCTS_DIR; };
		ED973BB924863836005B3450 /* FigurePointUITests.m */ = {isa = PBXFileReference; lastKnownFileType = sourcecode.c.objc; path = FigurePointUITests.m; sourceTree = "<group>"; };
		ED973BBB24863836005B3450 /* Info.plist */ = {isa = PBXFileReference; lastKnownFileType = text.plist.xml; path = Info.plist; sourceTree = "<group>"; };
		ED973BC424863891005B3450 /* RootViewController.h */ = {isa = PBXFileReference; lastKnownFileType = sourcecode.c.h; path = RootViewController.h; sourceTree = "<group>"; };
		ED973BC524863891005B3450 /* RootViewController.m */ = {isa = PBXFileReference; lastKnownFileType = sourcecode.c.objc; path = RootViewController.m; sourceTree = "<group>"; };
		ED973BC724863A03005B3450 /* Default-568h@2x.png */ = {isa = PBXFileReference; lastKnownFileType = image.png; path = "Default-568h@2x.png"; sourceTree = "<group>"; };
		ED973BC924863A63005B3450 /* FigurePoint2ViewController.h */ = {isa = PBXFileReference; fileEncoding = 4; lastKnownFileType = sourcecode.c.h; path = FigurePoint2ViewController.h; sourceTree = "<group>"; };
		ED973BCA24863A63005B3450 /* FigurePoint2ViewController.m */ = {isa = PBXFileReference; fileEncoding = 4; lastKnownFileType = sourcecode.c.objc; path = FigurePoint2ViewController.m; sourceTree = "<group>"; };
		ED973BCC24863C02005B3450 /* HTTPTool.m */ = {isa = PBXFileReference; fileEncoding = 4; lastKnownFileType = sourcecode.c.objc; path = HTTPTool.m; sourceTree = "<group>"; };
		ED973BCD24863C02005B3450 /* HTTPTool.h */ = {isa = PBXFileReference; fileEncoding = 4; lastKnownFileType = sourcecode.c.h; path = HTTPTool.h; sourceTree = "<group>"; };
		ED973BD024863C4C005B3450 /* kline.json */ = {isa = PBXFileReference; fileEncoding = 4; lastKnownFileType = text.json; path = kline.json; sourceTree = "<group>"; };
		ED973BD124863C4C005B3450 /* depth.json */ = {isa = PBXFileReference; fileEncoding = 4; lastKnownFileType = text.json; path = depth.json; sourceTree = "<group>"; };
		ED973BD224863C4C005B3450 /* kmon.json */ = {isa = PBXFileReference; fileEncoding = 4; lastKnownFileType = text.json; path = kmon.json; sourceTree = "<group>"; };
		ED973BD624863CC3005B3450 /* KLineModel.h */ = {isa = PBXFileReference; fileEncoding = 4; lastKnownFileType = sourcecode.c.h; path = KLineModel.h; sourceTree = "<group>"; };
		ED973BD724863CC3005B3450 /* KLineModel.m */ = {isa = PBXFileReference; fileEncoding = 4; lastKnownFileType = sourcecode.c.objc; path = KLineModel.m; sourceTree = "<group>"; };
		ED973BD924864140005B3450 /* PointFigureView.h */ = {isa = PBXFileReference; lastKnownFileType = sourcecode.c.h; path = PointFigureView.h; sourceTree = "<group>"; };
		ED973BDA24864140005B3450 /* PointFigureView.m */ = {isa = PBXFileReference; lastKnownFileType = sourcecode.c.objc; path = PointFigureView.m; sourceTree = "<group>"; };
		ED973BDC2486419B005B3450 /* PointFigureDataProcesser.h */ = {isa = PBXFileReference; lastKnownFileType = sourcecode.c.h; path = PointFigureDataProcesser.h; sourceTree = "<group>"; };
		ED973BDD2486419B005B3450 /* PointFigureDataProcesser.m */ = {isa = PBXFileReference; lastKnownFileType = sourcecode.c.objc; path = PointFigureDataProcesser.m; sourceTree = "<group>"; };
		EEE2C833BF0C7097A20587F3 /* libPods-FigurePoint-FigurePointUITests.a */ = {isa = PBXFileReference; explicitFileType = archive.ar; includeInIndex = 0; path = "libPods-FigurePoint-FigurePointUITests.a"; sourceTree = BUILT_PRODUCTS_DIR; };
/* End PBXFileReference section */

/* Begin PBXFrameworksBuildPhase section */
		ED973B9724863833005B3450 /* Frameworks */ = {
			isa = PBXFrameworksBuildPhase;
			buildActionMask = 2147483647;
			files = (
				F4B4E07720DFE90649E28EC7 /* libPods-FigurePoint.a in Frameworks */,
			);
			runOnlyForDeploymentPostprocessing = 0;
		};
		ED973BB224863836005B3450 /* Frameworks */ = {
			isa = PBXFrameworksBuildPhase;
			buildActionMask = 2147483647;
			files = (
				492BB6639E772D802DD26830 /* libPods-FigurePoint-FigurePointUITests.a in Frameworks */,
			);
			runOnlyForDeploymentPostprocessing = 0;
		};
/* End PBXFrameworksBuildPhase section */

/* Begin PBXGroup section */
		360DB23D26547FE47DD8E32B /* Pods */ = {
			isa = PBXGroup;
			children = (
				B1FFA6547DDEC923F0AFF175 /* Pods-FigurePoint.debug.xcconfig */,
				62964E9DD980CBA620EF89E8 /* Pods-FigurePoint.release.xcconfig */,
				7A507036D8045C70735F5A95 /* Pods-FigurePoint-FigurePointUITests.debug.xcconfig */,
				BCC8AFD7536C81D378F45CC2 /* Pods-FigurePoint-FigurePointUITests.release.xcconfig */,
			);
			path = Pods;
			sourceTree = "<group>";
		};
		AEFB333B35DBA90CBECD6881 /* Frameworks */ = {
			isa = PBXGroup;
			children = (
				10A966D6EF8290FA62F1D66F /* libPods-FigurePoint.a */,
				EEE2C833BF0C7097A20587F3 /* libPods-FigurePoint-FigurePointUITests.a */,
			);
			name = Frameworks;
			sourceTree = "<group>";
		};
		ED973B9124863833005B3450 = {
			isa = PBXGroup;
			children = (
				ED973BC724863A03005B3450 /* Default-568h@2x.png */,
				ED973BCF24863C4C005B3450 /* Resource */,
				ED973B9C24863833005B3450 /* FigurePoint */,
				ED973BB824863836005B3450 /* FigurePointUITests */,
				ED973B9B24863833005B3450 /* Products */,
				360DB23D26547FE47DD8E32B /* Pods */,
				AEFB333B35DBA90CBECD6881 /* Frameworks */,
			);
			sourceTree = "<group>";
		};
		ED973B9B24863833005B3450 /* Products */ = {
			isa = PBXGroup;
			children = (
				ED973B9A24863833005B3450 /* FigurePoint.app */,
				ED973BB524863836005B3450 /* FigurePointUITests.xctest */,
			);
			name = Products;
			sourceTree = "<group>";
		};
		ED973B9C24863833005B3450 /* FigurePoint */ = {
			isa = PBXGroup;
			children = (
				ED973B9D24863833005B3450 /* AppDelegate.h */,
				ED973B9E24863833005B3450 /* AppDelegate.m */,
				ED973BC424863891005B3450 /* RootViewController.h */,
				ED973BC924863A63005B3450 /* FigurePoint2ViewController.h */,
				ED973BCA24863A63005B3450 /* FigurePoint2ViewController.m */,
				ED973BD924864140005B3450 /* PointFigureView.h */,
				ED973BDC2486419B005B3450 /* PointFigureDataProcesser.h */,
				ED973BDD2486419B005B3450 /* PointFigureDataProcesser.m */,
				ED973BDA24864140005B3450 /* PointFigureView.m */,
				ED973BCD24863C02005B3450 /* HTTPTool.h */,
				ED973BCC24863C02005B3450 /* HTTPTool.m */,
				ED973BD624863CC3005B3450 /* KLineModel.h */,
				ED973BD724863CC3005B3450 /* KLineModel.m */,
				ED973BC524863891005B3450 /* RootViewController.m */,
				ED973BA924863835005B3450 /* Assets.xcassets */,
				ED973BAE24863835005B3450 /* Info.plist */,
				ED973BAF24863835005B3450 /* main.m */,
			);
			path = FigurePoint;
			sourceTree = "<group>";
		};
		ED973BB824863836005B3450 /* FigurePointUITests */ = {
			isa = PBXGroup;
			children = (
				ED973BB924863836005B3450 /* FigurePointUITests.m */,
				ED973BBB24863836005B3450 /* Info.plist */,
			);
			path = FigurePointUITests;
			sourceTree = "<group>";
		};
		ED973BCF24863C4C005B3450 /* Resource */ = {
			isa = PBXGroup;
			children = (
				ED973BD024863C4C005B3450 /* kline.json */,
				ED973BD124863C4C005B3450 /* depth.json */,
				ED973BD224863C4C005B3450 /* kmon.json */,
			);
			path = Resource;
			sourceTree = "<group>";
		};
/* End PBXGroup section */

/* Begin PBXNativeTarget section */
		ED973B9924863833005B3450 /* FigurePoint */ = {
			isa = PBXNativeTarget;
			buildConfigurationList = ED973BBE24863836005B3450 /* Build configuration list for PBXNativeTarget "FigurePoint" */;
			buildPhases = (
				E719C6438E54237F74C483FE /* [CP] Check Pods Manifest.lock */,
				ED973B9624863833005B3450 /* Sources */,
				ED973B9724863833005B3450 /* Frameworks */,
				ED973B9824863833005B3450 /* Resources */,
			);
			buildRules = (
			);
			dependencies = (
			);
			name = FigurePoint;
			productName = FigurePoint;
			productReference = ED973B9A24863833005B3450 /* FigurePoint.app */;
			productType = "com.apple.product-type.application";
		};
		ED973BB424863836005B3450 /* FigurePointUITests */ = {
			isa = PBXNativeTarget;
			buildConfigurationList = ED973BC124863836005B3450 /* Build configuration list for PBXNativeTarget "FigurePointUITests" */;
			buildPhases = (
				4E50FAD4D8A5019539AEBBD9 /* [CP] Check Pods Manifest.lock */,
				ED973BB124863836005B3450 /* Sources */,
				ED973BB224863836005B3450 /* Frameworks */,
				ED973BB324863836005B3450 /* Resources */,
			);
			buildRules = (
			);
			dependencies = (
				ED973BB724863836005B3450 /* PBXTargetDependency */,
			);
			name = FigurePointUITests;
			productName = FigurePointUITests;
			productReference = ED973BB524863836005B3450 /* FigurePointUITests.xctest */;
			productType = "com.apple.product-type.bundle.ui-testing";
		};
/* End PBXNativeTarget section */

/* Begin PBXProject section */
		ED973B9224863833005B3450 /* Project object */ = {
			isa = PBXProject;
			attributes = {
				LastUpgradeCheck = 1150;
				ORGANIZATIONNAME = rjb;
				TargetAttributes = {
					ED973B9924863833005B3450 = {
						CreatedOnToolsVersion = 11.5;
					};
					ED973BB424863836005B3450 = {
						CreatedOnToolsVersion = 11.5;
						TestTargetID = ED973B9924863833005B3450;
					};
				};
			};
			buildConfigurationList = ED973B9524863833005B3450 /* Build configuration list for PBXProject "FigurePoint" */;
			compatibilityVersion = "Xcode 9.3";
			developmentRegion = en;
			hasScannedForEncodings = 0;
			knownRegions = (
				en,
				Base,
			);
			mainGroup = ED973B9124863833005B3450;
			productRefGroup = ED973B9B24863833005B3450 /* Products */;
			projectDirPath = "";
			projectRoot = "";
			targets = (
				ED973B9924863833005B3450 /* FigurePoint */,
				ED973BB424863836005B3450 /* FigurePointUITests */,
			);
		};
/* End PBXProject section */

/* Begin PBXResourcesBuildPhase section */
		ED973B9824863833005B3450 /* Resources */ = {
			isa = PBXResourcesBuildPhase;
			buildActionMask = 2147483647;
			files = (
				ED973BD324863C4C005B3450 /* kline.json in Resources */,
				ED973BD524863C4C005B3450 /* kmon.json in Resources */,
				ED973BAA24863835005B3450 /* Assets.xcassets in Resources */,
				ED973BC824863A03005B3450 /* Default-568h@2x.png in Resources */,
				ED973BD424863C4C005B3450 /* depth.json in Resources */,
			);
			runOnlyForDeploymentPostprocessing = 0;
		};
		ED973BB324863836005B3450 /* Resources */ = {
			isa = PBXResourcesBuildPhase;
			buildActionMask = 2147483647;
			files = (
			);
			runOnlyForDeploymentPostprocessing = 0;
		};
/* End PBXResourcesBuildPhase section */

/* Begin PBXShellScriptBuildPhase section */
		4E50FAD4D8A5019539AEBBD9 /* [CP] Check Pods Manifest.lock */ = {
			isa = PBXShellScriptBuildPhase;
			buildActionMask = 2147483647;
			files = (
			);
			inputFileListPaths = (
			);
			inputPaths = (
				"${PODS_PODFILE_DIR_PATH}/Podfile.lock",
				"${PODS_ROOT}/Manifest.lock",
			);
			name = "[CP] Check Pods Manifest.lock";
			outputFileListPaths = (
			);
			outputPaths = (
				"$(DERIVED_FILE_DIR)/Pods-FigurePoint-FigurePointUITests-checkManifestLockResult.txt",
			);
			runOnlyForDeploymentPostprocessing = 0;
			shellPath = /bin/sh;
			shellScript = "diff \"${PODS_PODFILE_DIR_PATH}/Podfile.lock\" \"${PODS_ROOT}/Manifest.lock\" > /dev/null\nif [ $? != 0 ] ; then\n    # print error to STDERR\n    echo \"error: The sandbox is not in sync with the Podfile.lock. Run 'pod install' or update your CocoaPods installation.\" >&2\n    exit 1\nfi\n# This output is used by Xcode 'outputs' to avoid re-running this script phase.\necho \"SUCCESS\" > \"${SCRIPT_OUTPUT_FILE_0}\"\n";
			showEnvVarsInLog = 0;
		};
		E719C6438E54237F74C483FE /* [CP] Check Pods Manifest.lock */ = {
			isa = PBXShellScriptBuildPhase;
			buildActionMask = 2147483647;
			files = (
			);
			inputFileListPaths = (
			);
			inputPaths = (
				"${PODS_PODFILE_DIR_PATH}/Podfile.lock",
				"${PODS_ROOT}/Manifest.lock",
			);
			name = "[CP] Check Pods Manifest.lock";
			outputFileListPaths = (
			);
			outputPaths = (
				"$(DERIVED_FILE_DIR)/Pods-FigurePoint-checkManifestLockResult.txt",
			);
			runOnlyForDeploymentPostprocessing = 0;
			shellPath = /bin/sh;
			shellScript = "diff \"${PODS_PODFILE_DIR_PATH}/Podfile.lock\" \"${PODS_ROOT}/Manifest.lock\" > /dev/null\nif [ $? != 0 ] ; then\n    # print error to STDERR\n    echo \"error: The sandbox is not in sync with the Podfile.lock. Run 'pod install' or update your CocoaPods installation.\" >&2\n    exit 1\nfi\n# This output is used by Xcode 'outputs' to avoid re-running this script phase.\necho \"SUCCESS\" > \"${SCRIPT_OUTPUT_FILE_0}\"\n";
			showEnvVarsInLog = 0;
		};
/* End PBXShellScriptBuildPhase section */

/* Begin PBXSourcesBuildPhase section */
		ED973B9624863833005B3450 /* Sources */ = {
			isa = PBXSourcesBuildPhase;
			buildActionMask = 2147483647;
			files = (
				ED973BCE24863C03005B3450 /* HTTPTool.m in Sources */,
				ED973BCB24863A63005B3450 /* FigurePoint2ViewController.m in Sources */,
				ED973B9F24863833005B3450 /* AppDelegate.m in Sources */,
				ED973BD824863CC3005B3450 /* KLineModel.m in Sources */,
				ED973BDE2486419B005B3450 /* PointFigureDataProcesser.m in Sources */,
				ED973BB024863835005B3450 /* main.m in Sources */,
				ED973BC624863891005B3450 /* RootViewController.m in Sources */,
				ED973BDB24864140005B3450 /* PointFigureView.m in Sources */,
			);
			runOnlyForDeploymentPostprocessing = 0;
		};
		ED973BB124863836005B3450 /* Sources */ = {
			isa = PBXSourcesBuildPhase;
			buildActionMask = 2147483647;
			files = (
				ED973BBA24863836005B3450 /* FigurePointUITests.m in Sources */,
			);
			runOnlyForDeploymentPostprocessing = 0;
		};
/* End PBXSourcesBuildPhase section */

/* Begin PBXTargetDependency section */
		ED973BB724863836005B3450 /* PBXTargetDependency */ = {
			isa = PBXTargetDependency;
			target = ED973B9924863833005B3450 /* FigurePoint */;
			targetProxy = ED973BB624863836005B3450 /* PBXContainerItemProxy */;
		};
/* End PBXTargetDependency section */

/* Begin XCBuildConfiguration section */
		ED973BBC24863836005B3450 /* Debug */ = {
			isa = XCBuildConfiguration;
			buildSettings = {
				ALWAYS_SEARCH_USER_PATHS = NO;
				CLANG_ANALYZER_NONNULL = YES;
				CLANG_ANALYZER_NUMBER_OBJECT_CONVERSION = YES_AGGRESSIVE;
				CLANG_CXX_LANGUAGE_STANDARD = "gnu++14";
				CLANG_CXX_LIBRARY = "libc++";
				CLANG_ENABLE_MODULES = YES;
				CLANG_ENABLE_OBJC_ARC = YES;
				CLANG_ENABLE_OBJC_WEAK = YES;
				CLANG_WARN_BLOCK_CAPTURE_AUTORELEASING = YES;
				CLANG_WARN_BOOL_CONVERSION = YES;
				CLANG_WARN_COMMA = YES;
				CLANG_WARN_CONSTANT_CONVERSION = YES;
				CLANG_WARN_DEPRECATED_OBJC_IMPLEMENTATIONS = YES;
				CLANG_WARN_DIRECT_OBJC_ISA_USAGE = YES_ERROR;
				CLANG_WARN_DOCUMENTATION_COMMENTS = YES;
				CLANG_WARN_EMPTY_BODY = YES;
				CLANG_WARN_ENUM_CONVERSION = YES;
				CLANG_WARN_INFINITE_RECURSION = YES;
				CLANG_WARN_INT_CONVERSION = YES;
				CLANG_WARN_NON_LITERAL_NULL_CONVERSION = YES;
				CLANG_WARN_OBJC_IMPLICIT_RETAIN_SELF = YES;
				CLANG_WARN_OBJC_LITERAL_CONVERSION = YES;
				CLANG_WARN_OBJC_ROOT_CLASS = YES_ERROR;
				CLANG_WARN_RANGE_LOOP_ANALYSIS = YES;
				CLANG_WARN_STRICT_PROTOTYPES = YES;
				CLANG_WARN_SUSPICIOUS_MOVE = YES;
				CLANG_WARN_UNGUARDED_AVAILABILITY = YES_AGGRESSIVE;
				CLANG_WARN_UNREACHABLE_CODE = YES;
				CLANG_WARN__DUPLICATE_METHOD_MATCH = YES;
				COPY_PHASE_STRIP = NO;
				DEBUG_INFORMATION_FORMAT = dwarf;
				ENABLE_STRICT_OBJC_MSGSEND = YES;
				ENABLE_TESTABILITY = YES;
				GCC_C_LANGUAGE_STANDARD = gnu11;
				GCC_DYNAMIC_NO_PIC = NO;
				GCC_NO_COMMON_BLOCKS = YES;
				GCC_OPTIMIZATION_LEVEL = 0;
				GCC_PREPROCESSOR_DEFINITIONS = (
					"DEBUG=1",
					"$(inherited)",
				);
				GCC_WARN_64_TO_32_BIT_CONVERSION = YES;
				GCC_WARN_ABOUT_RETURN_TYPE = YES_ERROR;
				GCC_WARN_UNDECLARED_SELECTOR = YES;
				GCC_WARN_UNINITIALIZED_AUTOS = YES_AGGRESSIVE;
				GCC_WARN_UNUSED_FUNCTION = YES;
				GCC_WARN_UNUSED_VARIABLE = YES;
				IPHONEOS_DEPLOYMENT_TARGET = 13.5;
				MTL_ENABLE_DEBUG_INFO = INCLUDE_SOURCE;
				MTL_FAST_MATH = YES;
				ONLY_ACTIVE_ARCH = YES;
				SDKROOT = iphoneos;
			};
			name = Debug;
		};
		ED973BBD24863836005B3450 /* Release */ = {
			isa = XCBuildConfiguration;
			buildSettings = {
				ALWAYS_SEARCH_USER_PATHS = NO;
				CLANG_ANALYZER_NONNULL = YES;
				CLANG_ANALYZER_NUMBER_OBJECT_CONVERSION = YES_AGGRESSIVE;
				CLANG_CXX_LANGUAGE_STANDARD = "gnu++14";
				CLANG_CXX_LIBRARY = "libc++";
				CLANG_ENABLE_MODULES = YES;
				CLANG_ENABLE_OBJC_ARC = YES;
				CLANG_ENABLE_OBJC_WEAK = YES;
				CLANG_WARN_BLOCK_CAPTURE_AUTORELEASING = YES;
				CLANG_WARN_BOOL_CONVERSION = YES;
				CLANG_WARN_COMMA = YES;
				CLANG_WARN_CONSTANT_CONVERSION = YES;
				CLANG_WARN_DEPRECATED_OBJC_IMPLEMENTATIONS = YES;
				CLANG_WARN_DIRECT_OBJC_ISA_USAGE = YES_ERROR;
				CLANG_WARN_DOCUMENTATION_COMMENTS = YES;
				CLANG_WARN_EMPTY_BODY = YES;
				CLANG_WARN_ENUM_CONVERSION = YES;
				CLANG_WARN_INFINITE_RECURSION = YES;
				CLANG_WARN_INT_CONVERSION = YES;
				CLANG_WARN_NON_LITERAL_NULL_CONVERSION = YES;
				CLANG_WARN_OBJC_IMPLICIT_RETAIN_SELF = YES;
				CLANG_WARN_OBJC_LITERAL_CONVERSION = YES;
				CLANG_WARN_OBJC_ROOT_CLASS = YES_ERROR;
				CLANG_WARN_RANGE_LOOP_ANALYSIS = YES;
				CLANG_WARN_STRICT_PROTOTYPES = YES;
				CLANG_WARN_SUSPICIOUS_MOVE = YES;
				CLANG_WARN_UNGUARDED_AVAILABILITY = YES_AGGRESSIVE;
				CLANG_WARN_UNREACHABLE_CODE = YES;
				CLANG_WARN__DUPLICATE_METHOD_MATCH = YES;
				COPY_PHASE_STRIP = NO;
				DEBUG_INFORMATION_FORMAT = "dwarf-with-dsym";
				ENABLE_NS_ASSERTIONS = NO;
				ENABLE_STRICT_OBJC_MSGSEND = YES;
				GCC_C_LANGUAGE_STANDARD = gnu11;
				GCC_NO_COMMON_BLOCKS = YES;
				GCC_WARN_64_TO_32_BIT_CONVERSION = YES;
				GCC_WARN_ABOUT_RETURN_TYPE = YES_ERROR;
				GCC_WARN_UNDECLARED_SELECTOR = YES;
				GCC_WARN_UNINITIALIZED_AUTOS = YES_AGGRESSIVE;
				GCC_WARN_UNUSED_FUNCTION = YES;
				GCC_WARN_UNUSED_VARIABLE = YES;
				IPHONEOS_DEPLOYMENT_TARGET = 13.5;
				MTL_ENABLE_DEBUG_INFO = NO;
				MTL_FAST_MATH = YES;
				SDKROOT = iphoneos;
				VALIDATE_PRODUCT = YES;
			};
			name = Release;
		};
		ED973BBF24863836005B3450 /* Debug */ = {
			isa = XCBuildConfiguration;
			baseConfigurationReference = B1FFA6547DDEC923F0AFF175 /* Pods-FigurePoint.debug.xcconfig */;
			buildSettings = {
				ASSETCATALOG_COMPILER_APPICON_NAME = AppIcon;
				CODE_SIGN_STYLE = Automatic;
				DEVELOPMENT_TEAM = 7386VQTH7S;
				INFOPLIST_FILE = FigurePoint/Info.plist;
				LD_RUNPATH_SEARCH_PATHS = (
					"$(inherited)",
					"@executable_path/Frameworks",
				);
				PRODUCT_BUNDLE_IDENTIFIER = com.moji.com.FigurePoint;
				PRODUCT_NAME = "$(TARGET_NAME)";
				TARGETED_DEVICE_FAMILY = "1,2";
			};
			name = Debug;
		};
		ED973BC024863836005B3450 /* Release */ = {
			isa = XCBuildConfiguration;
			baseConfigurationReference = 62964E9DD980CBA620EF89E8 /* Pods-FigurePoint.release.xcconfig */;
			buildSettings = {
				ASSETCATALOG_COMPILER_APPICON_NAME = AppIcon;
				CODE_SIGN_STYLE = Automatic;
				DEVELOPMENT_TEAM = 7386VQTH7S;
				INFOPLIST_FILE = FigurePoint/Info.plist;
				LD_RUNPATH_SEARCH_PATHS = (
					"$(inherited)",
					"@executable_path/Frameworks",
				);
				PRODUCT_BUNDLE_IDENTIFIER = com.moji.com.FigurePoint;
				PRODUCT_NAME = "$(TARGET_NAME)";
				TARGETED_DEVICE_FAMILY = "1,2";
			};
			name = Release;
		};
		ED973BC224863836005B3450 /* Debug */ = {
			isa = XCBuildConfiguration;
			baseConfigurationReference = 7A507036D8045C70735F5A95 /* Pods-FigurePoint-FigurePointUITests.debug.xcconfig */;
			buildSettings = {
				CODE_SIGN_STYLE = Automatic;
				DEVELOPMENT_TEAM = 7386VQTH7S;
				INFOPLIST_FILE = FigurePointUITests/Info.plist;
				LD_RUNPATH_SEARCH_PATHS = (
					"$(inherited)",
					"@executable_path/Frameworks",
					"@loader_path/Frameworks",
				);
				PRODUCT_BUNDLE_IDENTIFIER = com.moji.com.FigurePointUITests;
				PRODUCT_NAME = "$(TARGET_NAME)";
				TARGETED_DEVICE_FAMILY = "1,2";
				TEST_TARGET_NAME = FigurePoint;
			};
			name = Debug;
		};
		ED973BC324863836005B3450 /* Release */ = {
			isa = XCBuildConfiguration;
			baseConfigurationReference = BCC8AFD7536C81D378F45CC2 /* Pods-FigurePoint-FigurePointUITests.release.xcconfig */;
			buildSettings = {
				CODE_SIGN_STYLE = Automatic;
				DEVELOPMENT_TEAM = 7386VQTH7S;
				INFOPLIST_FILE = FigurePointUITests/Info.plist;
				LD_RUNPATH_SEARCH_PATHS = (
					"$(inherited)",
					"@executable_path/Frameworks",
					"@loader_path/Frameworks",
				);
				PRODUCT_BUNDLE_IDENTIFIER = com.moji.com.FigurePointUITests;
				PRODUCT_NAME = "$(TARGET_NAME)";
				TARGETED_DEVICE_FAMILY = "1,2";
				TEST_TARGET_NAME = FigurePoint;
			};
			name = Release;
		};
/* End XCBuildConfiguration section */

/* Begin XCConfigurationList section */
		ED973B9524863833005B3450 /* Build configuration list for PBXProject "FigurePoint" */ = {
			isa = XCConfigurationList;
			buildConfigurations = (
				ED973BBC24863836005B3450 /* Debug */,
				ED973BBD24863836005B3450 /* Release */,
			);
			defaultConfigurationIsVisible = 0;
			defaultConfigurationName = Release;
		};
		ED973BBE24863836005B3450 /* Build configuration list for PBXNativeTarget "FigurePoint" */ = {
			isa = XCConfigurationList;
			buildConfigurations = (
				ED973BBF24863836005B3450 /* Debug */,
				ED973BC024863836005B3450 /* Release */,
			);
			defaultConfigurationIsVisible = 0;
			defaultConfigurationName = Release;
		};
		ED973BC124863836005B3450 /* Build configuration list for PBXNativeTarget "FigurePointUITests" */ = {
			isa = XCConfigurationList;
			buildConfigurations = (
				ED973BC224863836005B3450 /* Debug */,
				ED973BC324863836005B3450 /* Release */,
			);
			defaultConfigurationIsVisible = 0;
			defaultConfigurationName = Release;
		};
/* End XCConfigurationList section */
	};
	rootObject = ED973B9224863833005B3450 /* Project object */;
}
